Microsoft Visual Studio Solution File, Format Version 12.00
# Visual Studio Version 17
VisualStudioVersion = 17.0.31903.59
MinimumVisualStudioVersion = 10.0.40219.1
Project("{FAE04EC0-301F-11D3-BF4B-00C04F79EFBC}") = "WordFinder", "WordFinder\WordFinder.csproj", "{A5FCC385-0920-43CC-8B14-05E7D5683B98}"
EndProject
Global
	GlobalSection(SolutionConfigurationPlatforms) = preSolution
		Debug|Any CPU = Debug|Any CPU
		Release|Any CPU = Release|Any CPU
	EndGlobalSection
	GlobalSection(SolutionProperties) = preSolution
		HideSolutionNode = FALSE
	EndGlobalSection
	GlobalSection(ProjectConfigurationPlatforms) = postSolution
		{A5FCC385-0920-43CC-8B14-05E7D5683B98}.Debug|Any CPU.ActiveCfg = Debug|Any CPU
		{A5FCC385-0920-43CC-8B14-05E7D5683B98}.Debug|Any CPU.Build.0 = Debug|Any CPU
		{A5FCC385-0920-43CC-8B14-05E7D5683B98}.Release|Any CPU.ActiveCfg = Release|Any CPU
		{A5FCC385-0920-43CC-8B14-05E7D5683B98}.Release|Any CPU.Build.0 = Release|Any CPU
	EndGlobalSection
EndGlobal
